
Microsoft Visual Studio Solution File, Format Version 11.00
# Visual Studio 2010
Project("{8BC9CEB8-8B4A-11D0-8D11-00A0C91BC942}") = "Boxxi Menu", "Boxxi Menu\Boxxi Menu.vcxproj", "{338FF563-98F3-4F27-B8B1-A272043A1076}"
EndProject
Global
	GlobalSection(SolutionConfigurationPlatforms) = preSolution
		Debug|Win32 = Debug|Win32
		Release|Win32 = Release|Win32
	EndGlobalSection
	GlobalSection(ProjectConfigurationPlatforms) = postSolution
		{338FF563-98F3-4F27-B8B1-A272043A1076}.Debug|Win32.ActiveCfg = Debug|Win32
		{338FF563-98F3-4F27-B8B1-A272043A1076}.Debug|Win32.Build.0 = Debug|Win32
		{338FF563-98F3-4F27-B8B1-A272043A1076}.Release|Win32.ActiveCfg = Release|Win32
		{338FF563-98F3-4F27-B8B1-A272043A1076}.Release|Win32.Build.0 = Release|Win32
	EndGlobalSection
	GlobalSection(SolutionProperties) = preSolution
		HideSolutionNode = FALSE
	EndGlobalSection
EndGlobal
